
Microsoft Visual Studio Solution File, Format Version 12.00
# Visual Studio 15
VisualStudioVersion = 15.0.28307.168
MinimumVisualStudioVersion = 10.0.40219.1
Project("{FAE04EC0-301F-11D3-BF4B-00C04F79EFBC}") = "CreatingTypes", "CreatingTypes\CreatingTypes.csproj", "{8F43D8CD-9CE1-43F4-8024-9204AED1B123}"
EndProject
Project("{FAE04EC0-301F-11D3-BF4B-00C04F79EFBC}") = "CreatingTypesLibrary", "CreatingTypesLibrary\CreatingTypesLibrary.csproj", "{A6AC5B03-81DF-4A50-A1F7-F5F9EE6343B1}"
EndProject
Global
	GlobalSection(SolutionConfigurationPlatforms) = preSolution
		Debug|Any CPU = Debug|Any CPU
		Release|Any CPU = Release|Any CPU
	EndGlobalSection
	GlobalSection(ProjectConfigurationPlatforms) = postSolution
		{8F43D8CD-9CE1-43F4-8024-9204AED1B123}.Debug|Any CPU.ActiveCfg = Debug|Any CPU
		{8F43D8CD-9CE1-43F4-8024-9204AED1B123}.Debug|Any CPU.Build.0 = Debug|Any CPU
		{8F43D8CD-9CE1-43F4-8024-9204AED1B123}.Release|Any CPU.ActiveCfg = Release|Any CPU
		{8F43D8CD-9CE1-43F4-8024-9204AED1B123}.Release|Any CPU.Build.0 = Release|Any CPU
		{A6AC5B03-81DF-4A50-A1F7-F5F9EE6343B1}.Debug|Any CPU.ActiveCfg = Debug|Any CPU
		{A6AC5B03-81DF-4A50-A1F7-F5F9EE6343B1}.Debug|Any CPU.Build.0 = Debug|Any CPU
		{A6AC5B03-81DF-4A50-A1F7-F5F9EE6343B1}.Release|Any CPU.ActiveCfg = Release|Any CPU
		{A6AC5B03-81DF-4A50-A1F7-F5F9EE6343B1}.Release|Any CPU.Build.0 = Release|Any CPU
	EndGlobalSection
	GlobalSection(SolutionProperties) = preSolution
		HideSolutionNode = FALSE
	EndGlobalSection
	GlobalSection(ExtensibilityGlobals) = postSolution
		SolutionGuid = {B25EACE5-A840-467B-96DB-8A7180E6375C}
	EndGlobalSection
EndGlobal
